
Microsoft Visual Studio Solution File, Format Version 12.00
# Visual Studio 2013
VisualStudioVersion = 12.0.31101.0
MinimumVisualStudioVersion = 10.0.40219.1
Project("{FAE04EC0-301F-11D3-BF4B-00C04F79EFBC}") = "Ex_19", "Ex_19\Ex_19.csproj", "{CCC062E3-4C4F-417D-A8FD-04A18F7D8257}"
EndProject
Global
	GlobalSection(SolutionConfigurationPlatforms) = preSolution
		Debug|Any CPU = Debug|Any CPU
		Release|Any CPU = Release|Any CPU
	EndGlobalSection
	GlobalSection(ProjectConfigurationPlatforms) = postSolution
		{CCC062E3-4C4F-417D-A8FD-04A18F7D8257}.Debug|Any CPU.ActiveCfg = Debug|Any CPU
		{CCC062E3-4C4F-417D-A8FD-04A18F7D8257}.Debug|Any CPU.Build.0 = Debug|Any CPU
		{CCC062E3-4C4F-417D-A8FD-04A18F7D8257}.Release|Any CPU.ActiveCfg = Release|Any CPU
		{CCC062E3-4C4F-417D-A8FD-04A18F7D8257}.Release|Any CPU.Build.0 = Release|Any CPU
	EndGlobalSection
	GlobalSection(SolutionProperties) = preSolution
		HideSolutionNode = FALSE
	EndGlobalSection
EndGlobal
